
Microsoft Visual Studio Solution File, Format Version 12.00
Project("{FAE04EC0-301F-11D3-BF4B-00C04F79EFBC}") = "SerialApi", "SerialApi\SerialApi.csproj", "{1362AB38-2BA9-4815-A98E-50643FE3212B}"
EndProject
Project("{FAE04EC0-301F-11D3-BF4B-00C04F79EFBC}") = "CLI", "CLI\CLI.csproj", "{D4E8BE24-74BD-4F06-B5BB-75115F90B558}"
EndProject
Global
	GlobalSection(SolutionConfigurationPlatforms) = preSolution
		Debug|Any CPU = Debug|Any CPU
		Release|Any CPU = Release|Any CPU
	EndGlobalSection
	GlobalSection(ProjectConfigurationPlatforms) = postSolution
		{1362AB38-2BA9-4815-A98E-50643FE3212B}.Debug|Any CPU.ActiveCfg = Debug|Any CPU
		{1362AB38-2BA9-4815-A98E-50643FE3212B}.Debug|Any CPU.Build.0 = Debug|Any CPU
		{1362AB38-2BA9-4815-A98E-50643FE3212B}.Release|Any CPU.ActiveCfg = Release|Any CPU
		{1362AB38-2BA9-4815-A98E-50643FE3212B}.Release|Any CPU.Build.0 = Release|Any CPU
		{D4E8BE24-74BD-4F06-B5BB-75115F90B558}.Debug|Any CPU.ActiveCfg = Debug|Any CPU
		{D4E8BE24-74BD-4F06-B5BB-75115F90B558}.Debug|Any CPU.Build.0 = Debug|Any CPU
		{D4E8BE24-74BD-4F06-B5BB-75115F90B558}.Release|Any CPU.ActiveCfg = Release|Any CPU
		{D4E8BE24-74BD-4F06-B5BB-75115F90B558}.Release|Any CPU.Build.0 = Release|Any CPU
	EndGlobalSection
EndGlobal
