
Microsoft Visual Studio Solution File, Format Version 12.00
# Visual Studio Version 17
VisualStudioVersion = 17.5.33530.505
MinimumVisualStudioVersion = 10.0.40219.1
Project("{9A19103F-16F7-4668-BE54-9A1E7A4F7556}") = "SerialApi", "SerialApi\SerialApi.csproj", "{1362AB38-2BA9-4815-A98E-50643FE3212B}"
EndProject
Project("{9A19103F-16F7-4668-BE54-9A1E7A4F7556}") = "CLI", "CLI\CLI.csproj", "{D4E8BE24-74BD-4F06-B5BB-75115F90B558}"
EndProject
Global
	GlobalSection(SolutionConfigurationPlatforms) = preSolution
		Debug|Any CPU = Debug|Any CPU
		Release|Any CPU = Release|Any CPU
	EndGlobalSection
	GlobalSection(ProjectConfigurationPlatforms) = postSolution
		{1362AB38-2BA9-4815-A98E-50643FE3212B}.Debug|Any CPU.ActiveCfg = Debug|Any CPU
		{1362AB38-2BA9-4815-A98E-50643FE3212B}.Debug|Any CPU.Build.0 = Debug|Any CPU
		{1362AB38-2BA9-4815-A98E-50643FE3212B}.Release|Any CPU.ActiveCfg = Release|Any CPU
		{1362AB38-2BA9-4815-A98E-50643FE3212B}.Release|Any CPU.Build.0 = Release|Any CPU
		{D4E8BE24-74BD-4F06-B5BB-75115F90B558}.Debug|Any CPU.ActiveCfg = Debug|Any CPU
		{D4E8BE24-74BD-4F06-B5BB-75115F90B558}.Debug|Any CPU.Build.0 = Debug|Any CPU
		{D4E8BE24-74BD-4F06-B5BB-75115F90B558}.Release|Any CPU.ActiveCfg = Release|Any CPU
		{D4E8BE24-74BD-4F06-B5BB-75115F90B558}.Release|Any CPU.Build.0 = Release|Any CPU
	EndGlobalSection
	GlobalSection(SolutionProperties) = preSolution
		HideSolutionNode = FALSE
	EndGlobalSection
	GlobalSection(ExtensibilityGlobals) = postSolution
		SolutionGuid = {D80F8A7B-04A1-4A0F-9BD9-EA4F543F8E41}
	EndGlobalSection
EndGlobal
